
Microsoft Visual Studio Solution File, Format Version 12.00
# Visual Studio 14
VisualStudioVersion = 14.0.25123.0
MinimumVisualStudioVersion = 10.0.40219.1
Project("{FAE04EC0-301F-11D3-BF4B-00C04F79EFBC}") = "Serilog.Sinks.IfxEvents", "Serilog.Sinks.IfxEvents\Serilog.Sinks.IfxEvents.csproj", "{02A89583-94FA-4976-BBD0-70894C75E0F8}"
EndProject
Global
	GlobalSection(SolutionConfigurationPlatforms) = preSolution
		Debug|Any CPU = Debug|Any CPU
		Release|Any CPU = Release|Any CPU
	EndGlobalSection
	GlobalSection(ProjectConfigurationPlatforms) = postSolution
		{02A89583-94FA-4976-BBD0-70894C75E0F8}.Debug|Any CPU.ActiveCfg = Debug|Any CPU
		{02A89583-94FA-4976-BBD0-70894C75E0F8}.Debug|Any CPU.Build.0 = Debug|Any CPU
		{02A89583-94FA-4976-BBD0-70894C75E0F8}.Release|Any CPU.ActiveCfg = Release|Any CPU
		{02A89583-94FA-4976-BBD0-70894C75E0F8}.Release|Any CPU.Build.0 = Release|Any CPU
	EndGlobalSection
	GlobalSection(SolutionProperties) = preSolution
		HideSolutionNode = FALSE
	EndGlobalSection
EndGlobal
